
Microsoft Visual Studio Solution File, Format Version 12.00
# Visual Studio 15
VisualStudioVersion = 15.0.27703.2018
MinimumVisualStudioVersion = 10.0.40219.1
Project("{9A19103F-16F7-4668-BE54-9A1E7A4F7556}") = "Automa.Entities", "Automa.Entities\Automa.Entities.csproj", "{ED47BF13-5C29-4A50-A654-BAD1CD5939BB}"
EndProject
Project("{9A19103F-16F7-4668-BE54-9A1E7A4F7556}") = "Automa.Entities.Tests", "Automa.Entities.Tests\Automa.Entities.Tests.csproj", "{6FD73E36-D48A-4A9B-BA15-722548A7E07E}"
EndProject
Project("{9A19103F-16F7-4668-BE54-9A1E7A4F7556}") = "Automa.Entities.PerformanceTests", "Automa.Entities.PerformanceTests\Automa.Entities.PerformanceTests.csproj", "{9D53EC8D-DECC-44A8-93AD-572C742CC3CA}"
EndProject
Project("{9A19103F-16F7-4668-BE54-9A1E7A4F7556}") = "Automa.Benchmarks", "Automa.Benchmarks\Automa.Benchmarks.csproj", "{99AB5B71-0C33-47D5-AA2E-428715177B44}"
EndProject
Project("{9A19103F-16F7-4668-BE54-9A1E7A4F7556}") = "Automa.Behaviours", "Automa.Behaviours\Automa.Behaviours.csproj", "{38B53A48-EEA5-4817-908B-C1E39D6DA087}"
EndProject
Project("{9A19103F-16F7-4668-BE54-9A1E7A4F7556}") = "Automa.Behaviours.Tests", "Automa.Behaviours.Tests\Automa.Behaviours.Tests.csproj", "{11A2F6FD-6AC3-40BB-B337-1C1F9FD1AD53}"
EndProject
Project("{9A19103F-16F7-4668-BE54-9A1E7A4F7556}") = "Automa.Tasks", "Automa.Tasks\Automa.Tasks.csproj", "{C6783696-002B-49AB-A850-D83B15927236}"
EndProject
Project("{9A19103F-16F7-4668-BE54-9A1E7A4F7556}") = "Automa.Tasks.Tests", "Automa.Tasks.Tests\Automa.Tasks.Tests.csproj", "{2892349D-68C7-4331-9899-8BF0C0AEC441}"
EndProject
Project("{9A19103F-16F7-4668-BE54-9A1E7A4F7556}") = "Automa.Events", "Automa.Events\Automa.Events.csproj", "{1B49175C-B83B-4D76-A918-DB74988992C8}"
EndProject
Project("{9A19103F-16F7-4668-BE54-9A1E7A4F7556}") = "Automa.Events.Tests", "Automa.Events.Tests\Automa.Events.Tests.csproj", "{D8EA1898-C2D9-4B2B-A2AF-C4E72A8AE444}"
EndProject
Project("{FAE04EC0-301F-11D3-BF4B-00C04F79EFBC}") = "Automa.Tasks.Benchmarks", "Automa.Tasks.Benchmarks\Automa.Tasks.Benchmarks.csproj", "{F7D48973-495E-405C-9812-6328804F7638}"
EndProject
Project("{FAE04EC0-301F-11D3-BF4B-00C04F79EFBC}") = "Automa.Behaviours.Benchmarks", "Automa.Behaviours.Benchmarks\Automa.Behaviours.Benchmarks.csproj", "{5FC95FBF-8001-4DDF-9C28-548FAFFDB996}"
EndProject
Global
	GlobalSection(SolutionConfigurationPlatforms) = preSolution
		Debug|Any CPU = Debug|Any CPU
		Release|Any CPU = Release|Any CPU
	EndGlobalSection
	GlobalSection(ProjectConfigurationPlatforms) = postSolution
		{ED47BF13-5C29-4A50-A654-BAD1CD5939BB}.Debug|Any CPU.ActiveCfg = Debug|Any CPU
		{ED47BF13-5C29-4A50-A654-BAD1CD5939BB}.Debug|Any CPU.Build.0 = Debug|Any CPU
		{ED47BF13-5C29-4A50-A654-BAD1CD5939BB}.Release|Any CPU.ActiveCfg = Release|Any CPU
		{ED47BF13-5C29-4A50-A654-BAD1CD5939BB}.Release|Any CPU.Build.0 = Release|Any CPU
		{6FD73E36-D48A-4A9B-BA15-722548A7E07E}.Debug|Any CPU.ActiveCfg = Debug|Any CPU
		{6FD73E36-D48A-4A9B-BA15-722548A7E07E}.Debug|Any CPU.Build.0 = Debug|Any CPU
		{6FD73E36-D48A-4A9B-BA15-722548A7E07E}.Release|Any CPU.ActiveCfg = Release|Any CPU
		{6FD73E36-D48A-4A9B-BA15-722548A7E07E}.Release|Any CPU.Build.0 = Release|Any CPU
		{9D53EC8D-DECC-44A8-93AD-572C742CC3CA}.Debug|Any CPU.ActiveCfg = Debug|Any CPU
		{9D53EC8D-DECC-44A8-93AD-572C742CC3CA}.Debug|Any CPU.Build.0 = Debug|Any CPU
		{9D53EC8D-DECC-44A8-93AD-572C742CC3CA}.Release|Any CPU.ActiveCfg = Release|Any CPU
		{9D53EC8D-DECC-44A8-93AD-572C742CC3CA}.Release|Any CPU.Build.0 = Release|Any CPU
		{99AB5B71-0C33-47D5-AA2E-428715177B44}.Debug|Any CPU.ActiveCfg = Debug|Any CPU
		{99AB5B71-0C33-47D5-AA2E-428715177B44}.Debug|Any CPU.Build.0 = Debug|Any CPU
		{99AB5B71-0C33-47D5-AA2E-428715177B44}.Release|Any CPU.ActiveCfg = Release|Any CPU
		{99AB5B71-0C33-47D5-AA2E-428715177B44}.Release|Any CPU.Build.0 = Release|Any CPU
		{38B53A48-EEA5-4817-908B-C1E39D6DA087}.Debug|Any CPU.ActiveCfg = Debug|Any CPU
		{38B53A48-EEA5-4817-908B-C1E39D6DA087}.Debug|Any CPU.Build.0 = Debug|Any CPU
		{38B53A48-EEA5-4817-908B-C1E39D6DA087}.Release|Any CPU.ActiveCfg = Release|Any CPU
		{38B53A48-EEA5-4817-908B-C1E39D6DA087}.Release|Any CPU.Build.0 = Release|Any CPU
		{11A2F6FD-6AC3-40BB-B337-1C1F9FD1AD53}.Debug|Any CPU.ActiveCfg = Debug|Any CPU
		{11A2F6FD-6AC3-40BB-B337-1C1F9FD1AD53}.Debug|Any CPU.Build.0 = Debug|Any CPU
		{11A2F6FD-6AC3-40BB-B337-1C1F9FD1AD53}.Release|Any CPU.ActiveCfg = Release|Any CPU
		{11A2F6FD-6AC3-40BB-B337-1C1F9FD1AD53}.Release|Any CPU.Build.0 = Release|Any CPU
		{C6783696-002B-49AB-A850-D83B15927236}.Debug|Any CPU.ActiveCfg = Debug|Any CPU
		{C6783696-002B-49AB-A850-D83B15927236}.Debug|Any CPU.Build.0 = Debug|Any CPU
		{C6783696-002B-49AB-A850-D83B15927236}.Release|Any CPU.ActiveCfg = Release|Any CPU
		{C6783696-002B-49AB-A850-D83B15927236}.Release|Any CPU.Build.0 = Release|Any CPU
		{2892349D-68C7-4331-9899-8BF0C0AEC441}.Debug|Any CPU.ActiveCfg = Debug|Any CPU
		{2892349D-68C7-4331-9899-8BF0C0AEC441}.Debug|Any CPU.Build.0 = Debug|Any CPU
		{2892349D-68C7-4331-9899-8BF0C0AEC441}.Release|Any CPU.ActiveCfg = Release|Any CPU
		{2892349D-68C7-4331-9899-8BF0C0AEC441}.Release|Any CPU.Build.0 = Release|Any CPU
		{1B49175C-B83B-4D76-A918-DB74988992C8}.Debug|Any CPU.ActiveCfg = Debug|Any CPU
		{1B49175C-B83B-4D76-A918-DB74988992C8}.Debug|Any CPU.Build.0 = Debug|Any CPU
		{1B49175C-B83B-4D76-A918-DB74988992C8}.Release|Any CPU.ActiveCfg = Release|Any CPU
		{1B49175C-B83B-4D76-A918-DB74988992C8}.Release|Any CPU.Build.0 = Release|Any CPU
		{D8EA1898-C2D9-4B2B-A2AF-C4E72A8AE444}.Debug|Any CPU.ActiveCfg = Debug|Any CPU
		{D8EA1898-C2D9-4B2B-A2AF-C4E72A8AE444}.Debug|Any CPU.Build.0 = Debug|Any CPU
		{D8EA1898-C2D9-4B2B-A2AF-C4E72A8AE444}.Release|Any CPU.ActiveCfg = Release|Any CPU
		{D8EA1898-C2D9-4B2B-A2AF-C4E72A8AE444}.Release|Any CPU.Build.0 = Release|Any CPU
		{F7D48973-495E-405C-9812-6328804F7638}.Debug|Any CPU.ActiveCfg = Debug|Any CPU
		{F7D48973-495E-405C-9812-6328804F7638}.Debug|Any CPU.Build.0 = Debug|Any CPU
		{F7D48973-495E-405C-9812-6328804F7638}.Release|Any CPU.ActiveCfg = Release|Any CPU
		{F7D48973-495E-405C-9812-6328804F7638}.Release|Any CPU.Build.0 = Release|Any CPU
		{5FC95FBF-8001-4DDF-9C28-548FAFFDB996}.Debug|Any CPU.ActiveCfg = Debug|Any CPU
		{5FC95FBF-8001-4DDF-9C28-548FAFFDB996}.Debug|Any CPU.Build.0 = Debug|Any CPU
		{5FC95FBF-8001-4DDF-9C28-548FAFFDB996}.Release|Any CPU.ActiveCfg = Release|Any CPU
		{5FC95FBF-8001-4DDF-9C28-548FAFFDB996}.Release|Any CPU.Build.0 = Release|Any CPU
	EndGlobalSection
	GlobalSection(SolutionProperties) = preSolution
		HideSolutionNode = FALSE
	EndGlobalSection
	GlobalSection(ExtensibilityGlobals) = postSolution
		SolutionGuid = {8BFBA2A7-86A7-4588-9DB5-E4DE79AAE94A}
	EndGlobalSection
EndGlobal
