
Microsoft Visual Studio Solution File, Format Version 12.00
# Visual Studio 15
VisualStudioVersion = 15.0.27703.2018
MinimumVisualStudioVersion = 10.0.40219.1
Project("{FAE04EC0-301F-11D3-BF4B-00C04F79EFBC}") = "Automa.Entities", "Automa.Entities\Automa.Entities.csproj", "{ED47BF13-5C29-4A50-A654-BAD1CD5939BB}"
EndProject
Project("{FAE04EC0-301F-11D3-BF4B-00C04F79EFBC}") = "Automa.Entities.Tests", "Automa.Entities.Tests\Automa.Entities.Tests.csproj", "{6FD73E36-D48A-4A9B-BA15-722548A7E07E}"
EndProject
Global
	GlobalSection(SolutionConfigurationPlatforms) = preSolution
		Debug|Any CPU = Debug|Any CPU
		Release|Any CPU = Release|Any CPU
	EndGlobalSection
	GlobalSection(ProjectConfigurationPlatforms) = postSolution
		{ED47BF13-5C29-4A50-A654-BAD1CD5939BB}.Debug|Any CPU.ActiveCfg = Debug|Any CPU
		{ED47BF13-5C29-4A50-A654-BAD1CD5939BB}.Debug|Any CPU.Build.0 = Debug|Any CPU
		{ED47BF13-5C29-4A50-A654-BAD1CD5939BB}.Release|Any CPU.ActiveCfg = Release|Any CPU
		{ED47BF13-5C29-4A50-A654-BAD1CD5939BB}.Release|Any CPU.Build.0 = Release|Any CPU
		{6FD73E36-D48A-4A9B-BA15-722548A7E07E}.Debug|Any CPU.ActiveCfg = Debug|Any CPU
		{6FD73E36-D48A-4A9B-BA15-722548A7E07E}.Debug|Any CPU.Build.0 = Debug|Any CPU
		{6FD73E36-D48A-4A9B-BA15-722548A7E07E}.Release|Any CPU.ActiveCfg = Release|Any CPU
		{6FD73E36-D48A-4A9B-BA15-722548A7E07E}.Release|Any CPU.Build.0 = Release|Any CPU
	EndGlobalSection
	GlobalSection(SolutionProperties) = preSolution
		HideSolutionNode = FALSE
	EndGlobalSection
	GlobalSection(ExtensibilityGlobals) = postSolution
		SolutionGuid = {8BFBA2A7-86A7-4588-9DB5-E4DE79AAE94A}
	EndGlobalSection
EndGlobal
